
Microsoft Visual Studio Solution File, Format Version 12.00
# Visual Studio Version 17
VisualStudioVersion = 17.6.33829.357
MinimumVisualStudioVersion = 10.0.40219.1
Project("{FAE04EC0-301F-11D3-BF4B-00C04F79EFBC}") = "exam_14slot14", "exam_14slot14\exam_14slot14.csproj", "{71959416-5FCC-4DC4-86E6-543A2C32AC42}"
EndProject
Global
	GlobalSection(SolutionConfigurationPlatforms) = preSolution
		Debug|Any CPU = Debug|Any CPU
		Release|Any CPU = Release|Any CPU
	EndGlobalSection
	GlobalSection(ProjectConfigurationPlatforms) = postSolution
		{71959416-5FCC-4DC4-86E6-543A2C32AC42}.Debug|Any CPU.ActiveCfg = Debug|Any CPU
		{71959416-5FCC-4DC4-86E6-543A2C32AC42}.Debug|Any CPU.Build.0 = Debug|Any CPU
		{71959416-5FCC-4DC4-86E6-543A2C32AC42}.Release|Any CPU.ActiveCfg = Release|Any CPU
		{71959416-5FCC-4DC4-86E6-543A2C32AC42}.Release|Any CPU.Build.0 = Release|Any CPU
	EndGlobalSection
	GlobalSection(SolutionProperties) = preSolution
		HideSolutionNode = FALSE
	EndGlobalSection
	GlobalSection(ExtensibilityGlobals) = postSolution
		SolutionGuid = {58B19DF8-67C6-42BC-AC01-CD06B6315411}
	EndGlobalSection
EndGlobal
